// !$*UTF8*$!
{
	archiveVersion = 1;
	classes = {
	};
	objectVersion = 74;
	objects = {

/* Begin PBXBuildFile section */
		4F0CFFE42C5167D000C5D843 /* MFDataClass.m in Sources */ = {isa = PBXBuildFile; fileRef = 4F0CFFE32C5167D000C5D843 /* MFDataClass.m */; };
		4F3A10E32C5D59B70054B89E /* DeallocTracker.m in Sources */ = {isa = PBXBuildFile; fileRef = 4F3A10E22C5D59B70054B89E /* DeallocTracker.m */; };
		4F47C1242C5903ED009F6CE7 /* BlockObserver.m in Sources */ = {isa = PBXBuildFile; fileRef = 4F47C1232C5903ED009F6CE7 /* BlockObserver.m */; };
		4F47C12A2C59D564009F6CE7 /* ObserveBenchmarks.swift in Sources */ = {isa = PBXBuildFile; fileRef = 4F47C1292C59D564009F6CE7 /* ObserveBenchmarks.swift */; };
		4F47C12D2C59D867009F6CE7 /* ObserveBenchmarks.m in Sources */ = {isa = PBXBuildFile; fileRef = 4F47C12C2C59D867009F6CE7 /* ObserveBenchmarks.m */; };
		4F52FA8F2C769084003C2821 /* MFLinkedList.c in Sources */ = {isa = PBXBuildFile; fileRef = 4F52FA8E2C769084003C2821 /* MFLinkedList.c */; };
		4F52FA902C76AFF2003C2821 /* MFUtils.m in Sources */ = {isa = PBXBuildFile; fileRef = 4FEA2E452C53E38C00C86D67 /* MFUtils.m */; };
		4F52FA912C76AFF2003C2821 /* MFUtils.m in Sources */ = {isa = PBXBuildFile; fileRef = 4FEA2E452C53E38C00C86D67 /* MFUtils.m */; };
		4F8738082C42B6E0001F95DE /* main.m in Sources */ = {isa = PBXBuildFile; fileRef = 4F8738072C42B6E0001F95DE /* main.m */; };
		4F8F47D82C5BA36500245C26 /* KVOMutationSupport.m in Sources */ = {isa = PBXBuildFile; fileRef = 4F8F47D72C5BA36500245C26 /* KVOMutationSupport.m */; };
/* End PBXBuildFile section */

/* Begin PBXCopyFilesBuildPhase section */
		4F8738022C42B6E0001F95DE /* CopyFiles */ = {
			isa = PBXCopyFilesBuildPhase;
			buildActionMask = 2147483647;
			dstPath = /usr/share/man/man1/;
			dstSubfolderSpec = 0;
			files = (
			);
			runOnlyForDeploymentPostprocessing = 1;
		};
/* End PBXCopyFilesBuildPhase section */

/* Begin PBXFileReference section */
		4F0CFFE22C5167D000C5D843 /* MFDataClass.h */ = {isa = PBXFileReference; lastKnownFileType = sourcecode.c.h; path = MFDataClass.h; sourceTree = "<group>"; };
		4F0CFFE32C5167D000C5D843 /* MFDataClass.m */ = {isa = PBXFileReference; lastKnownFileType = sourcecode.c.objc; path = MFDataClass.m; sourceTree = "<group>"; };
		4F262C532C6347C500773789 /* ObjcTests.app */ = {isa = PBXFileReference; explicitFileType = wrapper.application; includeInIndex = 0; path = ObjcTests.app; sourceTree = BUILT_PRODUCTS_DIR; };
		4F3A10E12C5D59B70054B89E /* DeallocTracker.h */ = {isa = PBXFileReference; lastKnownFileType = sourcecode.c.h; path = DeallocTracker.h; sourceTree = "<group>"; };
		4F3A10E22C5D59B70054B89E /* DeallocTracker.m */ = {isa = PBXFileReference; lastKnownFileType = sourcecode.c.objc; path = DeallocTracker.m; sourceTree = "<group>"; };
		4F3A10E52C5E44DF0054B89E /* EXTScope.h */ = {isa = PBXFileReference; lastKnownFileType = sourcecode.c.h; path = EXTScope.h; sourceTree = "<group>"; };
		4F47C1222C5903ED009F6CE7 /* BlockObserver.h */ = {isa = PBXFileReference; lastKnownFileType = sourcecode.c.h; path = BlockObserver.h; sourceTree = "<group>"; };
		4F47C1232C5903ED009F6CE7 /* BlockObserver.m */ = {isa = PBXFileReference; lastKnownFileType = sourcecode.c.objc; path = BlockObserver.m; sourceTree = "<group>"; };
		4F47C1252C599779009F6CE7 /* CoolMacros.h */ = {isa = PBXFileReference; lastKnownFileType = sourcecode.c.h; path = CoolMacros.h; sourceTree = "<group>"; };
		4F47C1262C5997C0009F6CE7 /* Readme.md */ = {isa = PBXFileReference; lastKnownFileType = net.daringfireball.markdown; path = Readme.md; sourceTree = "<group>"; };
		4F47C1282C59D564009F6CE7 /* objc-test-july-13-2024-Bridging-Header.h */ = {isa = PBXFileReference; lastKnownFileType = sourcecode.c.h; path = "objc-test-july-13-2024-Bridging-Header.h"; sourceTree = "<group>"; };
		4F47C1292C59D564009F6CE7 /* ObserveBenchmarks.swift */ = {isa = PBXFileReference; lastKnownFileType = sourcecode.swift; path = ObserveBenchmarks.swift; sourceTree = "<group>"; };
		4F47C12C2C59D867009F6CE7 /* ObserveBenchmarks.m */ = {isa = PBXFileReference; lastKnownFileType = sourcecode.c.objc; path = ObserveBenchmarks.m; sourceTree = "<group>"; };
		4F52FA8D2C769084003C2821 /* MFLinkedList.h */ = {isa = PBXFileReference; lastKnownFileType = sourcecode.c.h; path = MFLinkedList.h; sourceTree = "<group>"; };
		4F52FA8E2C769084003C2821 /* MFLinkedList.c */ = {isa = PBXFileReference; lastKnownFileType = sourcecode.c.c; path = MFLinkedList.c; sourceTree = "<group>"; };
		4F73BEB42C5A0D1300BB13AF /* ObserveBenchmarks.h */ = {isa = PBXFileReference; lastKnownFileType = sourcecode.c.h; path = ObserveBenchmarks.h; sourceTree = "<group>"; };
		4F8738042C42B6E0001F95DE /* objc_tests */ = {isa = PBXFileReference; explicitFileType = "compiled.mach-o.executable"; includeInIndex = 0; path = objc_tests; sourceTree = BUILT_PRODUCTS_DIR; };
		4F8738072C42B6E0001F95DE /* main.m */ = {isa = PBXFileReference; lastKnownFileType = sourcecode.c.objc; path = main.m; sourceTree = "<group>"; };
		4F8F47D62C5BA36500245C26 /* KVOMutationSupport.h */ = {isa = PBXFileReference; lastKnownFileType = sourcecode.c.h; path = KVOMutationSupport.h; sourceTree = "<group>"; };
		4F8F47D72C5BA36500245C26 /* KVOMutationSupport.m */ = {isa = PBXFileReference; lastKnownFileType = sourcecode.c.objc; path = KVOMutationSupport.m; sourceTree = "<group>"; };
		4F9A073F2C66543100902FB8 /* metamacros.h */ = {isa = PBXFileReference; lastKnownFileType = sourcecode.c.h; path = metamacros.h; sourceTree = "<group>"; };
		4FEA2E3B2C53E2D500C86D67 /* testorr.xctest */ = {isa = PBXFileReference; explicitFileType = wrapper.cfbundle; includeInIndex = 0; path = testorr.xctest; sourceTree = BUILT_PRODUCTS_DIR; };
		4FEA2E442C53E38C00C86D67 /* MFUtils.h */ = {isa = PBXFileReference; lastKnownFileType = sourcecode.c.h; path = MFUtils.h; sourceTree = "<group>"; };
		4FEA2E452C53E38C00C86D67 /* MFUtils.m */ = {isa = PBXFileReference; lastKnownFileType = sourcecode.c.objc; path = MFUtils.m; sourceTree = "<group>"; };
/* End PBXFileReference section */

/* Begin PBXFileSystemSynchronizedBuildFileExceptionSet section */
		4F262C602C6347C800773789 /* PBXFileSystemSynchronizedBuildFileExceptionSet */ = {
			isa = PBXFileSystemSynchronizedBuildFileExceptionSet;
			membershipExceptions = (
				/Localized/MainMenu.xib,
			);
			target = 4F262C522C6347C500773789 /* ObjcTests */;
		};
		4F262CD82C64B47A00773789 /* PBXFileSystemSynchronizedBuildFileExceptionSet */ = {
			isa = PBXFileSystemSynchronizedBuildFileExceptionSet;
			membershipExceptions = (
				MarkdownParser_old.swift,
			);
			target = 4F262C522C6347C500773789 /* ObjcTests */;
		};
/* End PBXFileSystemSynchronizedBuildFileExceptionSet section */

/* Begin PBXFileSystemSynchronizedGroupBuildPhaseMembershipExceptionSet section */
		4F262C642C6347C800773789 /* PBXFileSystemSynchronizedGroupBuildPhaseMembershipExceptionSet */ = {
			isa = PBXFileSystemSynchronizedGroupBuildPhaseMembershipExceptionSet;
			buildPhase = 4F262C512C6347C500773789 /* Resources */;
			membershipExceptions = (
				Base.lproj/MainMenu.xib,
			);
		};
/* End PBXFileSystemSynchronizedGroupBuildPhaseMembershipExceptionSet section */

/* Begin PBXFileSystemSynchronizedRootGroup section */
		4F262C542C6347C500773789 /* App */ = {isa = PBXFileSystemSynchronizedRootGroup; exceptions = (4F262C602C6347C800773789 /* PBXFileSystemSynchronizedBuildFileExceptionSet */, 4F262C642C6347C800773789 /* PBXFileSystemSynchronizedGroupBuildPhaseMembershipExceptionSet */, ); explicitFileTypes = {}; explicitFolders = (); path = App; sourceTree = "<group>"; };
		4F262CBA2C64B44000773789 /* Copied from MMF */ = {isa = PBXFileSystemSynchronizedRootGroup; explicitFileTypes = {}; explicitFolders = (); path = "Copied from MMF"; sourceTree = "<group>"; };
		4F262CD52C64B47A00773789 /* MarkdownParser */ = {isa = PBXFileSystemSynchronizedRootGroup; exceptions = (4F262CD82C64B47A00773789 /* PBXFileSystemSynchronizedBuildFileExceptionSet */, ); explicitFileTypes = {}; explicitFolders = (); path = MarkdownParser; sourceTree = "<group>"; };
		4FEA2E3C2C53E2D500C86D67 /* testorr */ = {isa = PBXFileSystemSynchronizedRootGroup; explicitFileTypes = {}; explicitFolders = (); path = testorr; sourceTree = "<group>"; };
/* End PBXFileSystemSynchronizedRootGroup section */

/* Begin PBXFrameworksBuildPhase section */
		4F262C502C6347C500773789 /* Frameworks */ = {
			isa = PBXFrameworksBuildPhase;
			buildActionMask = 2147483647;
			files = (
			);
			runOnlyForDeploymentPostprocessing = 0;
		};
		4F8738012C42B6E0001F95DE /* Frameworks */ = {
			isa = PBXFrameworksBuildPhase;
			buildActionMask = 2147483647;
			files = (
			);
			runOnlyForDeploymentPostprocessing = 0;
		};
		4FEA2E382C53E2D500C86D67 /* Frameworks */ = {
			isa = PBXFrameworksBuildPhase;
			buildActionMask = 2147483647;
			files = (
			);
			runOnlyForDeploymentPostprocessing = 0;
		};
/* End PBXFrameworksBuildPhase section */

/* Begin PBXGroup section */
		4F47C1272C599811009F6CE7 /* Moved to MMF */ = {
			isa = PBXGroup;
			children = (
				4F0CFFE22C5167D000C5D843 /* MFDataClass.h */,
				4F0CFFE32C5167D000C5D843 /* MFDataClass.m */,
				4FEA2E442C53E38C00C86D67 /* MFUtils.h */,
				4FEA2E452C53E38C00C86D67 /* MFUtils.m */,
				4F262CD52C64B47A00773789 /* MarkdownParser */,
			);
			path = "Moved to MMF";
			sourceTree = "<group>";
		};
		4F47C12E2C59D8BA009F6CE7 /* Observe */ = {
			isa = PBXGroup;
			children = (
				4F47C1222C5903ED009F6CE7 /* BlockObserver.h */,
				4F47C1232C5903ED009F6CE7 /* BlockObserver.m */,
				4F8F47D62C5BA36500245C26 /* KVOMutationSupport.h */,
				4F8F47D72C5BA36500245C26 /* KVOMutationSupport.m */,
				4F73BEB42C5A0D1300BB13AF /* ObserveBenchmarks.h */,
				4F47C12C2C59D867009F6CE7 /* ObserveBenchmarks.m */,
				4F47C1292C59D564009F6CE7 /* ObserveBenchmarks.swift */,
			);
			path = Observe;
			sourceTree = "<group>";
		};
		4F8737FB2C42B6E0001F95DE = {
			isa = PBXGroup;
			children = (
				4F47C1262C5997C0009F6CE7 /* Readme.md */,
				4F262CBA2C64B44000773789 /* Copied from MMF */,
				4F47C1272C599811009F6CE7 /* Moved to MMF */,
				4F262C542C6347C500773789 /* App */,
				4F8738062C42B6E0001F95DE /* CLT */,
				4FEA2E3C2C53E2D500C86D67 /* testorr */,
				4F8738052C42B6E0001F95DE /* Products */,
				4FEA2E332C53E16200C86D67 /* Frameworks */,
			);
			sourceTree = "<group>";
		};
		4F8738052C42B6E0001F95DE /* Products */ = {
			isa = PBXGroup;
			children = (
				4F8738042C42B6E0001F95DE /* objc_tests */,
				4FEA2E3B2C53E2D500C86D67 /* testorr.xctest */,
				4F262C532C6347C500773789 /* ObjcTests.app */,
			);
			name = Products;
			sourceTree = "<group>";
		};
		4F8738062C42B6E0001F95DE /* CLT */ = {
			isa = PBXGroup;
			children = (
				4F8738072C42B6E0001F95DE /* main.m */,
				4F47C12E2C59D8BA009F6CE7 /* Observe */,
				4F47C1252C599779009F6CE7 /* CoolMacros.h */,
				4F3A10E12C5D59B70054B89E /* DeallocTracker.h */,
				4F3A10E22C5D59B70054B89E /* DeallocTracker.m */,
				4F52FA8D2C769084003C2821 /* MFLinkedList.h */,
				4F52FA8E2C769084003C2821 /* MFLinkedList.c */,
				4F9A073F2C66543100902FB8 /* metamacros.h */,
				4F3A10E52C5E44DF0054B89E /* EXTScope.h */,
				4F47C1282C59D564009F6CE7 /* objc-test-july-13-2024-Bridging-Header.h */,
			);
			path = CLT;
			sourceTree = "<group>";
		};
		4FEA2E332C53E16200C86D67 /* Frameworks */ = {
			isa = PBXGroup;
			children = (
			);
			name = Frameworks;
			sourceTree = "<group>";
		};
/* End PBXGroup section */

/* Begin PBXNativeTarget section */
		4F262C522C6347C500773789 /* ObjcTests */ = {
			isa = PBXNativeTarget;
			buildConfigurationList = 4F262C612C6347C800773789 /* Build configuration list for PBXNativeTarget "ObjcTests" */;
			buildPhases = (
				4F262C4F2C6347C500773789 /* Sources */,
				4F262C502C6347C500773789 /* Frameworks */,
				4F262C512C6347C500773789 /* Resources */,
			);
			buildRules = (
			);
			dependencies = (
			);
			fileSystemSynchronizedGroups = (
				4F262C542C6347C500773789 /* App */,
				4F262CBA2C64B44000773789 /* Copied from MMF */,
				4F262CD52C64B47A00773789 /* MarkdownParser */,
			);
			name = ObjcTests;
			packageProductDependencies = (
			);
			productName = ObjcTests;
			productReference = 4F262C532C6347C500773789 /* ObjcTests.app */;
			productType = "com.apple.product-type.application";
		};
		4F8738032C42B6E0001F95DE /* objc_tests */ = {
			isa = PBXNativeTarget;
			buildConfigurationList = 4F87380B2C42B6E0001F95DE /* Build configuration list for PBXNativeTarget "objc_tests" */;
			buildPhases = (
				4F8738002C42B6E0001F95DE /* Sources */,
				4F8738012C42B6E0001F95DE /* Frameworks */,
				4F8738022C42B6E0001F95DE /* CopyFiles */,
			);
			buildRules = (
			);
			dependencies = (
			);
			name = objc_tests;
			productName = "objc-test-july-13-2024";
			productReference = 4F8738042C42B6E0001F95DE /* objc_tests */;
			productType = "com.apple.product-type.tool";
		};
		4FEA2E3A2C53E2D500C86D67 /* testorr */ = {
			isa = PBXNativeTarget;
			buildConfigurationList = 4FEA2E412C53E2D500C86D67 /* Build configuration list for PBXNativeTarget "testorr" */;
			buildPhases = (
				4FEA2E372C53E2D500C86D67 /* Sources */,
				4FEA2E382C53E2D500C86D67 /* Frameworks */,
				4FEA2E392C53E2D500C86D67 /* Resources */,
			);
			buildRules = (
			);
			dependencies = (
			);
			fileSystemSynchronizedGroups = (
				4FEA2E3C2C53E2D500C86D67 /* testorr */,
			);
			name = testorr;
			packageProductDependencies = (
			);
			productName = testorr;
			productReference = 4FEA2E3B2C53E2D500C86D67 /* testorr.xctest */;
			productType = "com.apple.product-type.bundle.ui-testing";
		};
/* End PBXNativeTarget section */

/* Begin PBXProject section */
		4F8737FC2C42B6E0001F95DE /* Project object */ = {
			isa = PBXProject;
			attributes = {
				BuildIndependentTargetsInParallel = 1;
				LastUpgradeCheck = 1600;
				TargetAttributes = {
					4F262C522C6347C500773789 = {
						CreatedOnToolsVersion = 16.0;
						LastSwiftMigration = 1600;
					};
					4F8738032C42B6E0001F95DE = {
						CreatedOnToolsVersion = 16.0;
						LastSwiftMigration = 1600;
					};
					4FEA2E3A2C53E2D500C86D67 = {
						CreatedOnToolsVersion = 16.0;
					};
				};
			};
			buildConfigurationList = 4F8737FF2C42B6E0001F95DE /* Build configuration list for PBXProject "objc-test-july-13-2024" */;
			developmentRegion = en;
			hasScannedForEncodings = 0;
			knownRegions = (
				en,
				Base,
			);
			mainGroup = 4F8737FB2C42B6E0001F95DE;
			preferredProjectObjectVersion = 60;
			productRefGroup = 4F8738052C42B6E0001F95DE /* Products */;
			projectDirPath = "";
			projectRoot = "";
			targets = (
				4F8738032C42B6E0001F95DE /* objc_tests */,
				4FEA2E3A2C53E2D500C86D67 /* testorr */,
				4F262C522C6347C500773789 /* ObjcTests */,
			);
		};
/* End PBXProject section */

/* Begin PBXResourcesBuildPhase section */
		4F262C512C6347C500773789 /* Resources */ = {
			isa = PBXResourcesBuildPhase;
			buildActionMask = 2147483647;
			files = (
			);
			runOnlyForDeploymentPostprocessing = 0;
		};
		4FEA2E392C53E2D500C86D67 /* Resources */ = {
			isa = PBXResourcesBuildPhase;
			buildActionMask = 2147483647;
			files = (
			);
			runOnlyForDeploymentPostprocessing = 0;
		};
/* End PBXResourcesBuildPhase section */

/* Begin PBXSourcesBuildPhase section */
		4F262C4F2C6347C500773789 /* Sources */ = {
			isa = PBXSourcesBuildPhase;
			buildActionMask = 2147483647;
			files = (
				4F52FA912C76AFF2003C2821 /* MFUtils.m in Sources */,
			);
			runOnlyForDeploymentPostprocessing = 0;
		};
		4F8738002C42B6E0001F95DE /* Sources */ = {
			isa = PBXSourcesBuildPhase;
			buildActionMask = 2147483647;
			files = (
				4F52FA8F2C769084003C2821 /* MFLinkedList.c in Sources */,
				4F0CFFE42C5167D000C5D843 /* MFDataClass.m in Sources */,
				4F47C12A2C59D564009F6CE7 /* ObserveBenchmarks.swift in Sources */,
				4F3A10E32C5D59B70054B89E /* DeallocTracker.m in Sources */,
				4F47C1242C5903ED009F6CE7 /* BlockObserver.m in Sources */,
				4F52FA902C76AFF2003C2821 /* MFUtils.m in Sources */,
				4F47C12D2C59D867009F6CE7 /* ObserveBenchmarks.m in Sources */,
				4F8738082C42B6E0001F95DE /* main.m in Sources */,
				4F8F47D82C5BA36500245C26 /* KVOMutationSupport.m in Sources */,
			);
			runOnlyForDeploymentPostprocessing = 0;
		};
		4FEA2E372C53E2D500C86D67 /* Sources */ = {
			isa = PBXSourcesBuildPhase;
			buildActionMask = 2147483647;
			files = (
			);
			runOnlyForDeploymentPostprocessing = 0;
		};
/* End PBXSourcesBuildPhase section */

/* Begin XCBuildConfiguration section */
		4F262C622C6347C800773789 /* Debug */ = {
			isa = XCBuildConfiguration;
			buildSettings = {
				ASSETCATALOG_COMPILER_APPICON_NAME = AppIcon;
				ASSETCATALOG_COMPILER_GLOBAL_ACCENT_COLOR_NAME = AccentColor;
				CLANG_ENABLE_MODULES = YES;
				CODE_SIGN_ENTITLEMENTS = App/ObjcTests.entitlements;
				CODE_SIGN_STYLE = Automatic;
				COMBINE_HIDPI_IMAGES = YES;
				CURRENT_PROJECT_VERSION = 1;
				GENERATE_INFOPLIST_FILE = YES;
				INFOPLIST_KEY_NSHumanReadableCopyright = "";
				INFOPLIST_KEY_NSMainNibFile = MainMenu;
				INFOPLIST_KEY_NSPrincipalClass = NSApplication;
				LD_RUNPATH_SEARCH_PATHS = (
					"$(inherited)",
					"@executable_path/../Frameworks",
				);
				LIBRARY_SEARCH_PATHS = (
					"$(inherited)",
					"$(PROJECT_DIR)/App/MarkdownParser/cmark/branch-cjk",
					"$(PROJECT_DIR)/Moved\\ to\\ MMF/MarkdownParser/cmark/branch-cjk",
					"$(PROJECT_DIR)/Moved\\ to\\ MMF/MarkdownParser/cmark/branch-cjk",
					"$(PROJECT_DIR)/Moved\\ to\\ MMF/MarkdownParser/cmark/branch-cjk",
					"$(PROJECT_DIR)/Moved\\ to\\ MMF/MarkdownParser/cmark/branch-cjk",
				);
				MACOSX_DEPLOYMENT_TARGET = 15.0;
				MARKETING_VERSION = 1.0;
				PRODUCT_BUNDLE_IDENTIFIER = "com.nuebling.objc-test-app.ObjcTests";
				PRODUCT_NAME = "$(TARGET_NAME)";
				SWIFT_EMIT_LOC_STRINGS = YES;
				SWIFT_OPTIMIZATION_LEVEL = "-Onone";
				SWIFT_VERSION = 6.0;
			};
			name = Debug;
		};
		4F262C632C6347C800773789 /* Release */ = {
			isa = XCBuildConfiguration;
			buildSettings = {
				ASSETCATALOG_COMPILER_APPICON_NAME = AppIcon;
				ASSETCATALOG_COMPILER_GLOBAL_ACCENT_COLOR_NAME = AccentColor;
				CLANG_ENABLE_MODULES = YES;
				CODE_SIGN_ENTITLEMENTS = App/ObjcTests.entitlements;
				CODE_SIGN_STYLE = Automatic;
				COMBINE_HIDPI_IMAGES = YES;
				CURRENT_PROJECT_VERSION = 1;
				GENERATE_INFOPLIST_FILE = YES;
				INFOPLIST_KEY_NSHumanReadableCopyright = "";
				INFOPLIST_KEY_NSMainNibFile = MainMenu;
				INFOPLIST_KEY_NSPrincipalClass = NSApplication;
				LD_RUNPATH_SEARCH_PATHS = (
					"$(inherited)",
					"@executable_path/../Frameworks",
				);
				LIBRARY_SEARCH_PATHS = (
					"$(inherited)",
					"$(PROJECT_DIR)/App/MarkdownParser/cmark/branch-cjk",
					"$(PROJECT_DIR)/Moved\\ to\\ MMF/MarkdownParser/cmark/branch-cjk",
					"$(PROJECT_DIR)/Moved\\ to\\ MMF/MarkdownParser/cmark/branch-cjk",
					"$(PROJECT_DIR)/Moved\\ to\\ MMF/MarkdownParser/cmark/branch-cjk",
					"$(PROJECT_DIR)/Moved\\ to\\ MMF/MarkdownParser/cmark/branch-cjk",
				);
				MACOSX_DEPLOYMENT_TARGET = 15.0;
				MARKETING_VERSION = 1.0;
				PRODUCT_BUNDLE_IDENTIFIER = "com.nuebling.objc-test-app.ObjcTests";
				PRODUCT_NAME = "$(TARGET_NAME)";
				SWIFT_EMIT_LOC_STRINGS = YES;
				SWIFT_VERSION = 6.0;
			};
			name = Release;
		};
		4F8738092C42B6E0001F95DE /* Debug */ = {
			isa = XCBuildConfiguration;
			buildSettings = {
				ALWAYS_SEARCH_USER_PATHS = NO;
				ASSETCATALOG_COMPILER_GENERATE_SWIFT_ASSET_SYMBOL_EXTENSIONS = YES;
				CLANG_ANALYZER_NONNULL = YES;
				CLANG_ANALYZER_NUMBER_OBJECT_CONVERSION = YES_AGGRESSIVE;
				CLANG_CXX_LANGUAGE_STANDARD = "gnu++20";
				CLANG_ENABLE_MODULES = YES;
				CLANG_ENABLE_OBJC_ARC = YES;
				CLANG_ENABLE_OBJC_WEAK = YES;
				CLANG_WARN_BLOCK_CAPTURE_AUTORELEASING = YES;
				CLANG_WARN_BOOL_CONVERSION = YES;
				CLANG_WARN_COMMA = YES;
				CLANG_WARN_CONSTANT_CONVERSION = YES;
				CLANG_WARN_DEPRECATED_OBJC_IMPLEMENTATIONS = YES;
				CLANG_WARN_DIRECT_OBJC_ISA_USAGE = YES_ERROR;
				CLANG_WARN_DOCUMENTATION_COMMENTS = YES;
				CLANG_WARN_EMPTY_BODY = YES;
				CLANG_WARN_ENUM_CONVERSION = YES;
				CLANG_WARN_INFINITE_RECURSION = YES;
				CLANG_WARN_INT_CONVERSION = YES;
				CLANG_WARN_NON_LITERAL_NULL_CONVERSION = YES;
				CLANG_WARN_OBJC_IMPLICIT_RETAIN_SELF = YES;
				CLANG_WARN_OBJC_LITERAL_CONVERSION = YES;
				CLANG_WARN_OBJC_ROOT_CLASS = YES_ERROR;
				CLANG_WARN_QUOTED_INCLUDE_IN_FRAMEWORK_HEADER = YES;
				CLANG_WARN_RANGE_LOOP_ANALYSIS = YES;
				CLANG_WARN_STRICT_PROTOTYPES = YES;
				CLANG_WARN_SUSPICIOUS_MOVE = YES;
				CLANG_WARN_UNGUARDED_AVAILABILITY = YES_AGGRESSIVE;
				CLANG_WARN_UNREACHABLE_CODE = YES;
				CLANG_WARN__DUPLICATE_METHOD_MATCH = YES;
				COPY_PHASE_STRIP = NO;
				DEBUG_INFORMATION_FORMAT = dwarf;
				ENABLE_STRICT_OBJC_MSGSEND = YES;
				ENABLE_TESTABILITY = YES;
				ENABLE_USER_SCRIPT_SANDBOXING = YES;
				GCC_C_LANGUAGE_STANDARD = gnu17;
				GCC_DYNAMIC_NO_PIC = NO;
				GCC_NO_COMMON_BLOCKS = YES;
				GCC_OPTIMIZATION_LEVEL = 0;
				GCC_PREPROCESSOR_DEFINITIONS = (
					"DEBUG=1",
					"$(inherited)",
				);
				GCC_WARN_64_TO_32_BIT_CONVERSION = YES;
				GCC_WARN_ABOUT_RETURN_TYPE = YES_ERROR;
				GCC_WARN_UNDECLARED_SELECTOR = YES;
				GCC_WARN_UNINITIALIZED_AUTOS = YES_AGGRESSIVE;
				GCC_WARN_UNUSED_FUNCTION = YES;
				GCC_WARN_UNUSED_VARIABLE = YES;
				LOCALIZATION_PREFERS_STRING_CATALOGS = YES;
				MACOSX_DEPLOYMENT_TARGET = 15.0;
				MTL_ENABLE_DEBUG_INFO = INCLUDE_SOURCE;
				MTL_FAST_MATH = YES;
				ONLY_ACTIVE_ARCH = YES;
				SDKROOT = macosx;
				SWIFT_ACTIVE_COMPILATION_CONDITIONS = DEBUG;
			};
			name = Debug;
		};
		4F87380A2C42B6E0001F95DE /* Release */ = {
			isa = XCBuildConfiguration;
			buildSettings = {
				ALWAYS_SEARCH_USER_PATHS = NO;
				ASSETCATALOG_COMPILER_GENERATE_SWIFT_ASSET_SYMBOL_EXTENSIONS = YES;
				CLANG_ANALYZER_NONNULL = YES;
				CLANG_ANALYZER_NUMBER_OBJECT_CONVERSION = YES_AGGRESSIVE;
				CLANG_CXX_LANGUAGE_STANDARD = "gnu++20";
				CLANG_ENABLE_MODULES = YES;
				CLANG_ENABLE_OBJC_ARC = YES;
				CLANG_ENABLE_OBJC_WEAK = YES;
				CLANG_WARN_BLOCK_CAPTURE_AUTORELEASING = YES;
				CLANG_WARN_BOOL_CONVERSION = YES;
				CLANG_WARN_COMMA = YES;
				CLANG_WARN_CONSTANT_CONVERSION = YES;
				CLANG_WARN_DEPRECATED_OBJC_IMPLEMENTATIONS = YES;
				CLANG_WARN_DIRECT_OBJC_ISA_USAGE = YES_ERROR;
				CLANG_WARN_DOCUMENTATION_COMMENTS = YES;
				CLANG_WARN_EMPTY_BODY = YES;
				CLANG_WARN_ENUM_CONVERSION = YES;
				CLANG_WARN_INFINITE_RECURSION = YES;
				CLANG_WARN_INT_CONVERSION = YES;
				CLANG_WARN_NON_LITERAL_NULL_CONVERSION = YES;
				CLANG_WARN_OBJC_IMPLICIT_RETAIN_SELF = YES;
				CLANG_WARN_OBJC_LITERAL_CONVERSION = YES;
				CLANG_WARN_OBJC_ROOT_CLASS = YES_ERROR;
				CLANG_WARN_QUOTED_INCLUDE_IN_FRAMEWORK_HEADER = YES;
				CLANG_WARN_RANGE_LOOP_ANALYSIS = YES;
				CLANG_WARN_STRICT_PROTOTYPES = YES;
				CLANG_WARN_SUSPICIOUS_MOVE = YES;
				CLANG_WARN_UNGUARDED_AVAILABILITY = YES_AGGRESSIVE;
				CLANG_WARN_UNREACHABLE_CODE = YES;
				CLANG_WARN__DUPLICATE_METHOD_MATCH = YES;
				COPY_PHASE_STRIP = NO;
				DEBUG_INFORMATION_FORMAT = "dwarf-with-dsym";
				ENABLE_NS_ASSERTIONS = NO;
				ENABLE_STRICT_OBJC_MSGSEND = YES;
				ENABLE_USER_SCRIPT_SANDBOXING = YES;
				GCC_C_LANGUAGE_STANDARD = gnu17;
				GCC_NO_COMMON_BLOCKS = YES;
				GCC_PREPROCESSOR_DEFINITIONS = "NDEBUG=1";
				GCC_WARN_64_TO_32_BIT_CONVERSION = YES;
				GCC_WARN_ABOUT_RETURN_TYPE = YES_ERROR;
				GCC_WARN_UNDECLARED_SELECTOR = YES;
				GCC_WARN_UNINITIALIZED_AUTOS = YES_AGGRESSIVE;
				GCC_WARN_UNUSED_FUNCTION = YES;
				GCC_WARN_UNUSED_VARIABLE = YES;
				LOCALIZATION_PREFERS_STRING_CATALOGS = YES;
				MACOSX_DEPLOYMENT_TARGET = 15.0;
				MTL_ENABLE_DEBUG_INFO = NO;
				MTL_FAST_MATH = YES;
				SDKROOT = macosx;
				SWIFT_ACTIVE_COMPILATION_CONDITIONS = NDEBUG;
			};
			name = Release;
		};
		4F87380C2C42B6E0001F95DE /* Debug */ = {
			isa = XCBuildConfiguration;
			buildSettings = {
				CLANG_ENABLE_MODULES = YES;
				CODE_SIGN_STYLE = Automatic;
				DEVELOPMENT_TEAM = LM5Z78756B;
				ENABLE_HARDENED_RUNTIME = YES;
				LIBRARY_SEARCH_PATHS = (
					"$(inherited)",
					"$(PROJECT_DIR)/objc-test-july-13-2024/MarkdownParser/cmark/branch-cjk",
				);
				MACOSX_DEPLOYMENT_TARGET = 15.0;
				NEW_SETTING = "";
				PRODUCT_NAME = "$(TARGET_NAME)";
				SWIFT_OBJC_BRIDGING_HEADER = "CLT/objc-test-july-13-2024-Bridging-Header.h";
				SWIFT_OPTIMIZATION_LEVEL = "-Onone";
				SWIFT_VERSION = 6.0;
			};
			name = Debug;
		};
		4F87380D2C42B6E0001F95DE /* Release */ = {
			isa = XCBuildConfiguration;
			buildSettings = {
				CLANG_ENABLE_MODULES = YES;
				CODE_SIGN_STYLE = Automatic;
				DEVELOPMENT_TEAM = LM5Z78756B;
				ENABLE_HARDENED_RUNTIME = YES;
				LIBRARY_SEARCH_PATHS = (
					"$(inherited)",
					"$(PROJECT_DIR)/objc-test-july-13-2024/MarkdownParser/cmark/branch-cjk",
				);
				MACOSX_DEPLOYMENT_TARGET = 15.0;
				NEW_SETTING = "";
				PRODUCT_NAME = "$(TARGET_NAME)";
				SWIFT_OBJC_BRIDGING_HEADER = "CLT/objc-test-july-13-2024-Bridging-Header.h";
				SWIFT_VERSION = 6.0;
			};
			name = Release;
		};
		4FEA2E422C53E2D500C86D67 /* Debug */ = {
			isa = XCBuildConfiguration;
			buildSettings = {
				CODE_SIGN_STYLE = Automatic;
				CURRENT_PROJECT_VERSION = 1;
				DEVELOPMENT_TEAM = LM5Z78756B;
				GENERATE_INFOPLIST_FILE = YES;
				MARKETING_VERSION = 1.0;
				PRODUCT_BUNDLE_IDENTIFIER = com.nuebling.testorr;
				PRODUCT_NAME = "$(TARGET_NAME)";
				SWIFT_EMIT_LOC_STRINGS = NO;
			};
			name = Debug;
		};
		4FEA2E432C53E2D500C86D67 /* Release */ = {
			isa = XCBuildConfiguration;
			buildSettings = {
				CODE_SIGN_STYLE = Automatic;
				CURRENT_PROJECT_VERSION = 1;
				DEVELOPMENT_TEAM = LM5Z78756B;
				GENERATE_INFOPLIST_FILE = YES;
				MARKETING_VERSION = 1.0;
				PRODUCT_BUNDLE_IDENTIFIER = com.nuebling.testorr;
				PRODUCT_NAME = "$(TARGET_NAME)";
				SWIFT_EMIT_LOC_STRINGS = NO;
			};
			name = Release;
		};
/* End XCBuildConfiguration section */

/* Begin XCConfigurationList section */
		4F262C612C6347C800773789 /* Build configuration list for PBXNativeTarget "ObjcTests" */ = {
			isa = XCConfigurationList;
			buildConfigurations = (
				4F262C622C6347C800773789 /* Debug */,
				4F262C632C6347C800773789 /* Release */,
			);
			defaultConfigurationIsVisible = 0;
			defaultConfigurationName = Release;
		};
		4F8737FF2C42B6E0001F95DE /* Build configuration list for PBXProject "objc-test-july-13-2024" */ = {
			isa = XCConfigurationList;
			buildConfigurations = (
				4F8738092C42B6E0001F95DE /* Debug */,
				4F87380A2C42B6E0001F95DE /* Release */,
			);
			defaultConfigurationIsVisible = 0;
			defaultConfigurationName = Release;
		};
		4F87380B2C42B6E0001F95DE /* Build configuration list for PBXNativeTarget "objc_tests" */ = {
			isa = XCConfigurationList;
			buildConfigurations = (
				4F87380C2C42B6E0001F95DE /* Debug */,
				4F87380D2C42B6E0001F95DE /* Release */,
			);
			defaultConfigurationIsVisible = 0;
			defaultConfigurationName = Release;
		};
		4FEA2E412C53E2D500C86D67 /* Build configuration list for PBXNativeTarget "testorr" */ = {
			isa = XCConfigurationList;
			buildConfigurations = (
				4FEA2E422C53E2D500C86D67 /* Debug */,
				4FEA2E432C53E2D500C86D67 /* Release */,
			);
			defaultConfigurationIsVisible = 0;
			defaultConfigurationName = Release;
		};
/* End XCConfigurationList section */
	};
	rootObject = 4F8737FC2C42B6E0001F95DE /* Project object */;
}
